
Microsoft Visual Studio Solution File, Format Version 12.00
# Visual Studio Version 17
VisualStudioVersion = 17.0.31903.59
MinimumVisualStudioVersion = 10.0.40219.1
Project("{2150E333-8FDC-42A3-9474-1A3956D46DE8}") = "src", "src", "{827E0CD3-B72D-47B6-A68D-7590B98EB39B}"
EndProject
Project("{FAE04EC0-301F-11D3-BF4B-00C04F79EFBC}") = "AlterCourse.Core", "src\AlterCourse.Core\AlterCourse.Core.csproj", "{99B69117-547E-4ED9-860A-E2C8055D9BF7}"
EndProject
Project("{2150E333-8FDC-42A3-9474-1A3956D46DE8}") = "tests", "tests", "{0AB3BF05-4346-4AA6-1389-037BE0695223}"
EndProject
Project("{FAE04EC0-301F-11D3-BF4B-00C04F79EFBC}") = "AlterCourse.Core.Tests", "tests\AlterCourse.Core.Tests\AlterCourse.Core.Tests.csproj", "{910B4D09-6374-45F7-9FE2-2926B8ADCAF9}"
EndProject
Project("{FAE04EC0-301F-11D3-BF4B-00C04F79EFBC}") = "AlterCourse.Godot", "src\AlterCourse.Godot\AlterCourse.Godot.csproj", "{53C54B21-E7E5-4DA8-A1AA-5695DB721A77}"
EndProject
Global
	GlobalSection(SolutionConfigurationPlatforms) = preSolution
		Debug|Any CPU = Debug|Any CPU
		Debug|x64 = Debug|x64
		Debug|x86 = Debug|x86
		Release|Any CPU = Release|Any CPU
		Release|x64 = Release|x64
		Release|x86 = Release|x86
	EndGlobalSection
	GlobalSection(ProjectConfigurationPlatforms) = postSolution
		{99B69117-547E-4ED9-860A-E2C8055D9BF7}.Debug|Any CPU.ActiveCfg = Debug|Any CPU
		{99B69117-547E-4ED9-860A-E2C8055D9BF7}.Debug|Any CPU.Build.0 = Debug|Any CPU
		{99B69117-547E-4ED9-860A-E2C8055D9BF7}.Debug|x64.ActiveCfg = Debug|Any CPU
		{99B69117-547E-4ED9-860A-E2C8055D9BF7}.Debug|x64.Build.0 = Debug|Any CPU
		{99B69117-547E-4ED9-860A-E2C8055D9BF7}.Debug|x86.ActiveCfg = Debug|Any CPU
		{99B69117-547E-4ED9-860A-E2C8055D9BF7}.Debug|x86.Build.0 = Debug|Any CPU
		{99B69117-547E-4ED9-860A-E2C8055D9BF7}.Release|Any CPU.ActiveCfg = Release|Any CPU
		{99B69117-547E-4ED9-860A-E2C8055D9BF7}.Release|Any CPU.Build.0 = Release|Any CPU
		{99B69117-547E-4ED9-860A-E2C8055D9BF7}.Release|x64.ActiveCfg = Release|Any CPU
		{99B69117-547E-4ED9-860A-E2C8055D9BF7}.Release|x64.Build.0 = Release|Any CPU
		{99B69117-547E-4ED9-860A-E2C8055D9BF7}.Release|x86.ActiveCfg = Release|Any CPU
		{99B69117-547E-4ED9-860A-E2C8055D9BF7}.Release|x86.Build.0 = Release|Any CPU
		{910B4D09-6374-45F7-9FE2-2926B8ADCAF9}.Debug|Any CPU.ActiveCfg = Debug|Any CPU
		{910B4D09-6374-45F7-9FE2-2926B8ADCAF9}.Debug|Any CPU.Build.0 = Debug|Any CPU
		{910B4D09-6374-45F7-9FE2-2926B8ADCAF9}.Debug|x64.ActiveCfg = Debug|Any CPU
		{910B4D09-6374-45F7-9FE2-2926B8ADCAF9}.Debug|x64.Build.0 = Debug|Any CPU
		{910B4D09-6374-45F7-9FE2-2926B8ADCAF9}.Debug|x86.ActiveCfg = Debug|Any CPU
		{910B4D09-6374-45F7-9FE2-2926B8ADCAF9}.Debug|x86.Build.0 = Debug|Any CPU
		{910B4D09-6374-45F7-9FE2-2926B8ADCAF9}.Release|Any CPU.ActiveCfg = Release|Any CPU
		{910B4D09-6374-45F7-9FE2-2926B8ADCAF9}.Release|Any CPU.Build.0 = Release|Any CPU
		{910B4D09-6374-45F7-9FE2-2926B8ADCAF9}.Release|x64.ActiveCfg = Release|Any CPU
		{910B4D09-6374-45F7-9FE2-2926B8ADCAF9}.Release|x64.Build.0 = Release|Any CPU
		{910B4D09-6374-45F7-9FE2-2926B8ADCAF9}.Release|x86.ActiveCfg = Release|Any CPU
		{910B4D09-6374-45F7-9FE2-2926B8ADCAF9}.Release|x86.Build.0 = Release|Any CPU
		{53C54B21-E7E5-4DA8-A1AA-5695DB721A77}.Debug|Any CPU.ActiveCfg = Debug|Any CPU
		{53C54B21-E7E5-4DA8-A1AA-5695DB721A77}.Debug|Any CPU.Build.0 = Debug|Any CPU
		{53C54B21-E7E5-4DA8-A1AA-5695DB721A77}.Debug|x64.ActiveCfg = Debug|Any CPU
		{53C54B21-E7E5-4DA8-A1AA-5695DB721A77}.Debug|x64.Build.0 = Debug|Any CPU
		{53C54B21-E7E5-4DA8-A1AA-5695DB721A77}.Debug|x86.ActiveCfg = Debug|Any CPU
		{53C54B21-E7E5-4DA8-A1AA-5695DB721A77}.Debug|x86.Build.0 = Debug|Any CPU
		{53C54B21-E7E5-4DA8-A1AA-5695DB721A77}.Release|Any CPU.ActiveCfg = Debug|Any CPU
		{53C54B21-E7E5-4DA8-A1AA-5695DB721A77}.Release|Any CPU.Build.0 = Debug|Any CPU
		{53C54B21-E7E5-4DA8-A1AA-5695DB721A77}.Release|x64.ActiveCfg = Debug|Any CPU
		{53C54B21-E7E5-4DA8-A1AA-5695DB721A77}.Release|x64.Build.0 = Debug|Any CPU
		{53C54B21-E7E5-4DA8-A1AA-5695DB721A77}.Release|x86.ActiveCfg = Debug|Any CPU
		{53C54B21-E7E5-4DA8-A1AA-5695DB721A77}.Release|x86.Build.0 = Debug|Any CPU
	EndGlobalSection
	GlobalSection(SolutionProperties) = preSolution
		HideSolutionNode = FALSE
	EndGlobalSection
	GlobalSection(NestedProjects) = preSolution
		{99B69117-547E-4ED9-860A-E2C8055D9BF7} = {827E0CD3-B72D-47B6-A68D-7590B98EB39B}
		{910B4D09-6374-45F7-9FE2-2926B8ADCAF9} = {0AB3BF05-4346-4AA6-1389-037BE0695223}
		{53C54B21-E7E5-4DA8-A1AA-5695DB721A77} = {827E0CD3-B72D-47B6-A68D-7590B98EB39B}
	EndGlobalSection
EndGlobal
