{
  "version": 2,
  "dependencies": {
    "net10.0": {
      "Meziantou.Analyzer": {
        "type": "Direct",
        "requested": "[3.0.200, )",
        "resolved": "3.0.200",
        "contentHash": "xDYQDG/pBdvC3r1PcqQw9d8/9dRYxh9xxljjgVydBezpxOUSABjuRjVWNoUmqNByrtWqwJ+nRdAwUuWPbU8uXQ=="
      },
      "Microsoft.Extensions.Logging": {
        "type": "Direct",
        "requested": "[10.0.11, )",
        "resolved": "10.0.11",
        "contentHash": "nUOJwgFkSiLHiVGFpU22pIJtuWYewuSYQ3JVuP/gdK8ASMT807Px+TYQiRWs6uSsOmoyFTaVCwKXTasczV6BpA==",
        "dependencies": {
          "Microsoft.Extensions.DependencyInjection": "10.0.11",
          "Microsoft.Extensions.Logging.Abstractions": "10.0.11",
          "Microsoft.Extensions.Options": "10.0.11"
        }
      },
      "Serilog": {
        "type": "Direct",
        "requested": "[4.4.0, )",
        "resolved": "4.4.0",
        "contentHash": "ZC6Le3rr4TVJJjS4KsQAesxeF1EhW9qcZmmG7eP5Y2G3+gTGkJEUXkq4+tZNPtyp05I0wWOxnIjwtxFweJsObw=="
      },
      "Serilog.Extensions.Logging": {
        "type": "Direct",
        "requested": "[10.0.0, )",
        "resolved": "10.0.0",
        "contentHash": "vx0kABKl2dWbBhhqAfTOk53/i8aV/5VaT3a6il9gn72Wqs2pM7EK2OB6No6xdqK2IaY6Zf9gdjLuK9BVa2rT+Q==",
        "dependencies": {
          "Microsoft.Extensions.Logging": "10.0.0",
          "Serilog": "4.2.0"
        }
      },
      "Serilog.Sinks.Console": {
        "type": "Direct",
        "requested": "[6.1.1, )",
        "resolved": "6.1.1",
        "contentHash": "8jbqgjUyZlfCuSTaJk6lOca465OndqOz3KZP6Cryt/IqZYybyBu7GP0fE/AXBzrrQB3EBmQntBFAvMVz1COvAA==",
        "dependencies": {
          "Serilog": "4.0.0"
        }
      },
      "Serilog.Sinks.File": {
        "type": "Direct",
        "requested": "[7.0.0, )",
        "resolved": "7.0.0",
        "contentHash": "fKL7mXv7qaiNBUC71ssvn/dU0k9t0o45+qm2XgKAlSt19xF+ijjxyA3R6HmCgfKEKwfcfkwWjayuQtRueZFkYw==",
        "dependencies": {
          "Serilog": "4.2.0"
        }
      },
      "SkiaSharp": {
        "type": "Direct",
        "requested": "[4.151.1, )",
        "resolved": "4.151.1",
        "contentHash": "FNlVsGZ9to3o9pObVqhIZanHjUGOoPb/Zxk5svCSLMJnKwxPKV7sIJrjs9BpB/jF3j9OdsaMOb4cfwSJbjueSw==",
        "dependencies": {
          "SkiaSharp.NativeAssets.Win32": "4.151.1",
          "SkiaSharp.NativeAssets.macOS": "4.151.1"
        }
      },
      "SkiaSharp.NativeAssets.Linux.NoDependencies": {
        "type": "Direct",
        "requested": "[4.151.1, )",
        "resolved": "4.151.1",
        "contentHash": "lqPwXxYhKlmRfCuq1vGRLYEtRo3tn3ij1IGi0tI2qzkKHU6HOznHqZW+NqHV8aSKasPmRawbwlKLLPI132+SEA=="
      },
      "Svg.Skia": {
        "type": "Direct",
        "requested": "[5.2.3, )",
        "resolved": "5.2.3",
        "contentHash": "slGSy5Aje/30Ou2a5aezbGGWLZspBIBYlEzqgtaIVex4FUYAR3mxaYrvMZj1tHy+ESDFCGY7+2FjF6UzqGUZew==",
        "dependencies": {
          "HarfBuzzSharp": "14.2.0",
          "HarfBuzzSharp.NativeAssets.Linux": "14.2.0",
          "HarfBuzzSharp.NativeAssets.Win32": "14.2.0",
          "HarfBuzzSharp.NativeAssets.macOS": "14.2.0",
          "SkiaSharp": "4.148.0",
          "Svg.Animation": "5.2.3",
          "Svg.Custom": "5.2.3",
          "Svg.Model": "5.2.3",
          "Svg.SceneGraph": "5.2.3"
        }
      },
      "YamlDotNet": {
        "type": "Direct",
        "requested": "[18.1.0, )",
        "resolved": "18.1.0",
        "contentHash": "5K+9KFg2TdTl7VXv88Qzi/0lqK6JFoNP3lRuImPYGRV7K/QYklDyTrj4+A+KAki1JsQi6qKY+hDyY7d6WRqjrw=="
      },
      "ExCSS": {
        "type": "Transitive",
        "resolved": "4.3.1",
        "contentHash": "A8UtcghHQlWxPJhJF5bsfEYO7068JHGTuJ7tzyyMjd5fE/N/xY1cVOUhzuLLFwMOCJVnM4mqSQc93W9fGfZ1kA=="
      },
      "HarfBuzzSharp": {
        "type": "Transitive",
        "resolved": "14.2.0",
        "contentHash": "B9zczdZELTKyJoNZXJLTgq+Ho2Z6H8oFcFbelvmHixkA8/2sH9acE589KvOa951g1aN262pOU5ThhZxw33bGSg==",
        "dependencies": {
          "HarfBuzzSharp.NativeAssets.Win32": "14.2.0",
          "HarfBuzzSharp.NativeAssets.macOS": "14.2.0"
        }
      },
      "HarfBuzzSharp.NativeAssets.Linux": {
        "type": "Transitive",
        "resolved": "14.2.0",
        "contentHash": "KgdkGoqCoRPAdekskR9asBbY5tzfqRcYQ0/+hz8rvPMAmbQqX1g57xr6rbGUyIVY5j5ioExZWUZ10QocUVpgwQ=="
      },
      "HarfBuzzSharp.NativeAssets.macOS": {
        "type": "Transitive",
        "resolved": "14.2.0",
        "contentHash": "v2AfGa0Q0aNRz7glbRTvkrR8w2pipUpyRHDNjOCPXnnHE3pjY0ycTY0L7dL/AByd53aQ0AGPwIEP1H9hZPPywg=="
      },
      "HarfBuzzSharp.NativeAssets.Win32": {
        "type": "Transitive",
        "resolved": "14.2.0",
        "contentHash": "NCqaG3bJDl66JdmHeyOpRUf4eiGVwu8OSxGv6ukofBiukVyUpWj01btr/telMQLQ+XuQ83iDpi6NRDFoRIcojA=="
      },
      "Microsoft.Extensions.DependencyInjection": {
        "type": "Transitive",
        "resolved": "10.0.11",
        "contentHash": "PSmotV19c7E3lKed++uYo1kSiXFI+uTl37CBSrhq+CfLC3FCHjG7R91+xPnNehQfHS1b0Tzo/CCLPWH3qaEheg==",
        "dependencies": {
          "Microsoft.Extensions.DependencyInjection.Abstractions": "10.0.11"
        }
      },
      "Microsoft.Extensions.DependencyInjection.Abstractions": {
        "type": "Transitive",
        "resolved": "10.0.11",
        "contentHash": "/a1aJz4m7ylhEDf25ugQChLQoN5XwoGjWw/BoR/ZWWKsO1v4DdJElS1uyngahz4B/eOzjFk1KNTkarRLE5wsIg=="
      },
      "Microsoft.Extensions.Logging.Abstractions": {
        "type": "Transitive",
        "resolved": "10.0.11",
        "contentHash": "Ljd0Uxoq5XpScD2Bg0nM/r3mwx7Ao5Uq24eo2ARxbGvqJ7Zht6rt2cJtwVRH4Cv+1ZVMdXz6TB43KbpmsxRrvQ==",
        "dependencies": {
          "Microsoft.Extensions.DependencyInjection.Abstractions": "10.0.11"
        }
      },
      "Microsoft.Extensions.Options": {
        "type": "Transitive",
        "resolved": "10.0.11",
        "contentHash": "eY1GAKcTfD2maP27J84X9IovT3yjHJ2dVDzPmDg6/XqYvt3jMzJhtfQCLjG9pVsZGAd+8DQ2QrjaDcs2+VQLGw==",
        "dependencies": {
          "Microsoft.Extensions.DependencyInjection.Abstractions": "10.0.11",
          "Microsoft.Extensions.Primitives": "10.0.11"
        }
      },
      "Microsoft.Extensions.Primitives": {
        "type": "Transitive",
        "resolved": "10.0.11",
        "contentHash": "SXcz+kF+4Oo9b1+55zntpJFYfwb1jw66ioxptyNOOTDc8g2FHnBFWjZpsWfCvZIhzr0x+4e2trVTs4OKwQfBtw=="
      },
      "ShimSkiaSharp": {
        "type": "Transitive",
        "resolved": "5.2.3",
        "contentHash": "BBmIvh70WduWEF8C9HeU12LmHkg6+h2SRwJzey/tmztRk4ttAxhyu9eAD/jlsNGlqquYpoCQyyTx+QynavyfVA=="
      },
      "SkiaSharp.NativeAssets.macOS": {
        "type": "Transitive",
        "resolved": "4.151.1",
        "contentHash": "nLXwdhi0oB7pqqNLbSOLX+FIZQOMAU/yFPspzcDTJjTmPbMWyp0JWyeVj8sFJ/cweurEfT0J/lvfgdXX2EFHXA=="
      },
      "SkiaSharp.NativeAssets.Win32": {
        "type": "Transitive",
        "resolved": "4.151.1",
        "contentHash": "G+nln30ZX2ZuhH+ungf6x/QMXCje38KTS0VTfQeMyeY8uyMBmsZwFz2D30ZxUjZqsVbEIcaC2bsYF65876s4Yg=="
      },
      "Svg.Animation": {
        "type": "Transitive",
        "resolved": "5.2.3",
        "contentHash": "mlbLFKzSVL2wMvDxnlMKLbdbbCbZBjDwSgmCZ7dHE4l0DtVUX5kHixngZlUP8AuBoikzqsXZt4+IXJhbeJjAdA==",
        "dependencies": {
          "ShimSkiaSharp": "5.2.3",
          "SkiaSharp": "4.148.0",
          "Svg.Custom": "5.2.3",
          "Svg.Model": "5.2.3"
        }
      },
      "Svg.Custom": {
        "type": "Transitive",
        "resolved": "5.2.3",
        "contentHash": "epicuKTb55l7Y6c3f9pdP0RkoifVieS9sWvA9HsppTfYyV7RFZg89+fUA9TTPcuccqi0GUGwiPEi+9b881zlDw==",
        "dependencies": {
          "ExCSS": "4.3.1"
        }
      },
      "Svg.Model": {
        "type": "Transitive",
        "resolved": "5.2.3",
        "contentHash": "iZInP4/48rIkpFxVJNMmxDDjIBaUcGOHrzancQ3cmneHXrtH4MYkm6bzggL9hCiS2dxfLhk3JCiERoGf8j0MlA==",
        "dependencies": {
          "ShimSkiaSharp": "5.2.3",
          "Svg.Custom": "5.2.3"
        }
      },
      "Svg.SceneGraph": {
        "type": "Transitive",
        "resolved": "5.2.3",
        "contentHash": "t9HrB1n499YCvziq+sdapDjMvgY7iSzyldEDalWnoZCP3cncu92gEktBqzhUgo8A+r9mfow2TNf0u5jgV5FvlQ==",
        "dependencies": {
          "ShimSkiaSharp": "5.2.3",
          "Svg.Custom": "5.2.3",
          "Svg.Model": "5.2.3"
        }
      }
    }
  }
}